// !$*UTF8*$!
{
	archiveVersion = 1;
	classes = {
	};
	objectVersion = 46;
	objects = {

/* Begin PBXBuildFile section */
		CF0429F11EC2BBA400D36A2E /* DWViewModel.h in Headers */ = {isa = PBXBuildFile; fileRef = CF0429EF1EC2BBA400D36A2E /* DWViewModel.h */; settings = {ATTRIBUTES = (Public, ); }; };
		CF0429F21EC2BBA400D36A2E /* DWViewModel.m in Sources */ = {isa = PBXBuildFile; fileRef = CF0429F01EC2BBA400D36A2E /* DWViewModel.m */; };
		CF0429F51EC2C47D00D36A2E /* DWView.h in Headers */ = {isa = PBXBuildFile; fileRef = CF0429F31EC2C47D00D36A2E /* DWView.h */; settings = {ATTRIBUTES = (Public, ); }; };
		CF0429F61EC2C47D00D36A2E /* DWView.m in Sources */ = {isa = PBXBuildFile; fileRef = CF0429F41EC2C47D00D36A2E /* DWView.m */; };
		CF9588A61E6FF405005AFB9B /* main.m in Sources */ = {isa = PBXBuildFile; fileRef = CF9588A51E6FF405005AFB9B /* main.m */; };
		CF9588A91E6FF405005AFB9B /* AppDelegate.m in Sources */ = {isa = PBXBuildFile; fileRef = CF9588A81E6FF405005AFB9B /* AppDelegate.m */; };
		CF9588AC1E6FF405005AFB9B /* ViewController.m in Sources */ = {isa = PBXBuildFile; fileRef = CF9588AB1E6FF405005AFB9B /* ViewController.m */; };
		CF9588AF1E6FF405005AFB9B /* Main.storyboard in Resources */ = {isa = PBXBuildFile; fileRef = CF9588AD1E6FF405005AFB9B /* Main.storyboard */; };
		CF9588B11E6FF405005AFB9B /* Assets.xcassets in Resources */ = {isa = PBXBuildFile; fileRef = CF9588B01E6FF405005AFB9B /* Assets.xcassets */; };
		CF9588B41E6FF405005AFB9B /* LaunchScreen.storyboard in Resources */ = {isa = PBXBuildFile; fileRef = CF9588B21E6FF405005AFB9B /* LaunchScreen.storyboard */; };
		CF9588BF1E6FF405005AFB9B /* DWBasePartTests.m in Sources */ = {isa = PBXBuildFile; fileRef = CF9588BE1E6FF405005AFB9B /* DWBasePartTests.m */; };
		CF9588CA1E6FF405005AFB9B /* DWBasePartUITests.m in Sources */ = {isa = PBXBuildFile; fileRef = CF9588C91E6FF405005AFB9B /* DWBasePartUITests.m */; };
		CF9588E51E6FF4C6005AFB9B /* DWBase.framework in Frameworks */ = {isa = PBXBuildFile; fileRef = CF9588DC1E6FF4C5005AFB9B /* DWBase.framework */; };
		CF9588EC1E6FF4C6005AFB9B /* DWBaseTests.m in Sources */ = {isa = PBXBuildFile; fileRef = CF9588EB1E6FF4C6005AFB9B /* DWBaseTests.m */; };
		CF9588EE1E6FF4C6005AFB9B /* DWBase.h in Headers */ = {isa = PBXBuildFile; fileRef = CF9588DE1E6FF4C6005AFB9B /* DWBase.h */; settings = {ATTRIBUTES = (Public, ); }; };
		CF9588F11E6FF4C6005AFB9B /* DWBase.framework in Frameworks */ = {isa = PBXBuildFile; fileRef = CF9588DC1E6FF4C5005AFB9B /* DWBase.framework */; };
		CF9588F21E6FF4C6005AFB9B /* DWBase.framework in Embed Frameworks */ = {isa = PBXBuildFile; fileRef = CF9588DC1E6FF4C5005AFB9B /* DWBase.framework */; settings = {ATTRIBUTES = (CodeSignOnCopy, RemoveHeadersOnCopy, ); }; };
		CF9589B21E77B170005AFB9B /* DWViewController.h in Headers */ = {isa = PBXBuildFile; fileRef = CF9589B01E77B170005AFB9B /* DWViewController.h */; settings = {ATTRIBUTES = (Public, ); }; };
		CF9589B31E77B170005AFB9B /* DWViewController.m in Sources */ = {isa = PBXBuildFile; fileRef = CF9589B11E77B170005AFB9B /* DWViewController.m */; };
/* End PBXBuildFile section */

/* Begin PBXContainerItemProxy section */
		CF9588BB1E6FF405005AFB9B /* PBXContainerItemProxy */ = {
			isa = PBXContainerItemProxy;
			containerPortal = CF9588991E6FF405005AFB9B /* Project object */;
			proxyType = 1;
			remoteGlobalIDString = CF9588A01E6FF405005AFB9B;
			remoteInfo = DWBasePart;
		};
		CF9588C61E6FF405005AFB9B /* PBXContainerItemProxy */ = {
			isa = PBXContainerItemProxy;
			containerPortal = CF9588991E6FF405005AFB9B /* Project object */;
			proxyType = 1;
			remoteGlobalIDString = CF9588A01E6FF405005AFB9B;
			remoteInfo = DWBasePart;
		};
		CF9588E61E6FF4C6005AFB9B /* PBXContainerItemProxy */ = {
			isa = PBXContainerItemProxy;
			containerPortal = CF9588991E6FF405005AFB9B /* Project object */;
			proxyType = 1;
			remoteGlobalIDString = CF9588DB1E6FF4C5005AFB9B;
			remoteInfo = DWBase;
		};
		CF9588E81E6FF4C6005AFB9B /* PBXContainerItemProxy */ = {
			isa = PBXContainerItemProxy;
			containerPortal = CF9588991E6FF405005AFB9B /* Project object */;
			proxyType = 1;
			remoteGlobalIDString = CF9588A01E6FF405005AFB9B;
			remoteInfo = DWBasePart;
		};
		CF9588EF1E6FF4C6005AFB9B /* PBXContainerItemProxy */ = {
			isa = PBXContainerItemProxy;
			containerPortal = CF9588991E6FF405005AFB9B /* Project object */;
			proxyType = 1;
			remoteGlobalIDString = CF9588DB1E6FF4C5005AFB9B;
			remoteInfo = DWBase;
		};
/* End PBXContainerItemProxy section */

/* Begin PBXCopyFilesBuildPhase section */
		CF9588F81E6FF4C6005AFB9B /* Embed Frameworks */ = {
			isa = PBXCopyFilesBuildPhase;
			buildActionMask = 2147483647;
			dstPath = "";
			dstSubfolderSpec = 10;
			files = (
				CF9588F21E6FF4C6005AFB9B /* DWBase.framework in Embed Frameworks */,
			);
			name = "Embed Frameworks";
			runOnlyForDeploymentPostprocessing = 0;
		};
/* End PBXCopyFilesBuildPhase section */

/* Begin PBXFileReference section */
		CF0429EF1EC2BBA400D36A2E /* DWViewModel.h */ = {isa = PBXFileReference; fileEncoding = 4; lastKnownFileType = sourcecode.c.h; path = DWViewModel.h; sourceTree = "<group>"; };
		CF0429F01EC2BBA400D36A2E /* DWViewModel.m */ = {isa = PBXFileReference; fileEncoding = 4; lastKnownFileType = sourcecode.c.objc; path = DWViewModel.m; sourceTree = "<group>"; };
		CF0429F31EC2C47D00D36A2E /* DWView.h */ = {isa = PBXFileReference; fileEncoding = 4; lastKnownFileType = sourcecode.c.h; path = DWView.h; sourceTree = "<group>"; };
		CF0429F41EC2C47D00D36A2E /* DWView.m */ = {isa = PBXFileReference; fileEncoding = 4; lastKnownFileType = sourcecode.c.objc; path = DWView.m; sourceTree = "<group>"; };
		CF9588A11E6FF405005AFB9B /* DWBasePart.app */ = {isa = PBXFileReference; explicitFileType = wrapper.application; includeInIndex = 0; path = DWBasePart.app; sourceTree = BUILT_PRODUCTS_DIR; };
		CF9588A51E6FF405005AFB9B /* main.m */ = {isa = PBXFileReference; lastKnownFileType = sourcecode.c.objc; path = main.m; sourceTree = "<group>"; };
		CF9588A71E6FF405005AFB9B /* AppDelegate.h */ = {isa = PBXFileReference; lastKnownFileType = sourcecode.c.h; path = AppDelegate.h; sourceTree = "<group>"; };
		CF9588A81E6FF405005AFB9B /* AppDelegate.m */ = {isa = PBXFileReference; lastKnownFileType = sourcecode.c.objc; path = AppDelegate.m; sourceTree = "<group>"; };
		CF9588AA1E6FF405005AFB9B /* ViewController.h */ = {isa = PBXFileReference; lastKnownFileType = sourcecode.c.h; path = ViewController.h; sourceTree = "<group>"; };
		CF9588AB1E6FF405005AFB9B /* ViewController.m */ = {isa = PBXFileReference; lastKnownFileType = sourcecode.c.objc; path = ViewController.m; sourceTree = "<group>"; };
		CF9588AE1E6FF405005AFB9B /* Base */ = {isa = PBXFileReference; lastKnownFileType = file.storyboard; name = Base; path = Base.lproj/Main.storyboard; sourceTree = "<group>"; };
		CF9588B01E6FF405005AFB9B /* Assets.xcassets */ = {isa = PBXFileReference; lastKnownFileType = folder.assetcatalog; path = Assets.xcassets; sourceTree = "<group>"; };
		CF9588B31E6FF405005AFB9B /* Base */ = {isa = PBXFileReference; lastKnownFileType = file.storyboard; name = Base; path = Base.lproj/LaunchScreen.storyboard; sourceTree = "<group>"; };
		CF9588B51E6FF405005AFB9B /* Info.plist */ = {isa = PBXFileReference; lastKnownFileType = text.plist.xml; path = Info.plist; sourceTree = "<group>"; };
		CF9588BA1E6FF405005AFB9B /* DWBasePartTests.xctest */ = {isa = PBXFileReference; explicitFileType = wrapper.cfbundle; includeInIndex = 0; path = DWBasePartTests.xctest; sourceTree = BUILT_PRODUCTS_DIR; };
		CF9588BE1E6FF405005AFB9B /* DWBasePartTests.m */ = {isa = PBXFileReference; lastKnownFileType = sourcecode.c.objc; path = DWBasePartTests.m; sourceTree = "<group>"; };
		CF9588C01E6FF405005AFB9B /* Info.plist */ = {isa = PBXFileReference; lastKnownFileType = text.plist.xml; path = Info.plist; sourceTree = "<group>"; };
		CF9588C51E6FF405005AFB9B /* DWBasePartUITests.xctest */ = {isa = PBXFileReference; explicitFileType = wrapper.cfbundle; includeInIndex = 0; path = DWBasePartUITests.xctest; sourceTree = BUILT_PRODUCTS_DIR; };
		CF9588C91E6FF405005AFB9B /* DWBasePartUITests.m */ = {isa = PBXFileReference; lastKnownFileType = sourcecode.c.objc; path = DWBasePartUITests.m; sourceTree = "<group>"; };
		CF9588CB1E6FF405005AFB9B /* Info.plist */ = {isa = PBXFileReference; lastKnownFileType = text.plist.xml; path = Info.plist; sourceTree = "<group>"; };
		CF9588DC1E6FF4C5005AFB9B /* DWBase.framework */ = {isa = PBXFileReference; explicitFileType = wrapper.framework; includeInIndex = 0; path = DWBase.framework; sourceTree = BUILT_PRODUCTS_DIR; };
		CF9588DE1E6FF4C6005AFB9B /* DWBase.h */ = {isa = PBXFileReference; lastKnownFileType = sourcecode.c.h; path = DWBase.h; sourceTree = "<group>"; };
		CF9588DF1E6FF4C6005AFB9B /* Info.plist */ = {isa = PBXFileReference; lastKnownFileType = text.plist.xml; path = Info.plist; sourceTree = "<group>"; };
		CF9588E41E6FF4C6005AFB9B /* DWBaseTests.xctest */ = {isa = PBXFileReference; explicitFileType = wrapper.cfbundle; includeInIndex = 0; path = DWBaseTests.xctest; sourceTree = BUILT_PRODUCTS_DIR; };
		CF9588EB1E6FF4C6005AFB9B /* DWBaseTests.m */ = {isa = PBXFileReference; lastKnownFileType = sourcecode.c.objc; path = DWBaseTests.m; sourceTree = "<group>"; };
		CF9588ED1E6FF4C6005AFB9B /* Info.plist */ = {isa = PBXFileReference; lastKnownFileType = text.plist.xml; path = Info.plist; sourceTree = "<group>"; };
		CF95890A1E6FF5DA005AFB9B /* ReactiveObjC.framework */ = {isa = PBXFileReference; lastKnownFileType = wrapper.framework; name = ReactiveObjC.framework; path = Carthage/Build/iOS/ReactiveObjC.framework; sourceTree = "<group>"; };
		CF9589B01E77B170005AFB9B /* DWViewController.h */ = {isa = PBXFileReference; fileEncoding = 4; lastKnownFileType = sourcecode.c.h; path = DWViewController.h; sourceTree = "<group>"; };
		CF9589B11E77B170005AFB9B /* DWViewController.m */ = {isa = PBXFileReference; fileEncoding = 4; lastKnownFileType = sourcecode.c.objc; path = DWViewController.m; sourceTree = "<group>"; };
/* End PBXFileReference section */

/* Begin PBXFrameworksBuildPhase section */
		CF95889E1E6FF405005AFB9B /* Frameworks */ = {
			isa = PBXFrameworksBuildPhase;
			buildActionMask = 2147483647;
			files = (
				CF9588F11E6FF4C6005AFB9B /* DWBase.framework in Frameworks */,
			);
			runOnlyForDeploymentPostprocessing = 0;
		};
		CF9588B71E6FF405005AFB9B /* Frameworks */ = {
			isa = PBXFrameworksBuildPhase;
			buildActionMask = 2147483647;
			files = (
			);
			runOnlyForDeploymentPostprocessing = 0;
		};
		CF9588C21E6FF405005AFB9B /* Frameworks */ = {
			isa = PBXFrameworksBuildPhase;
			buildActionMask = 2147483647;
			files = (
			);
			runOnlyForDeploymentPostprocessing = 0;
		};
		CF9588D81E6FF4C5005AFB9B /* Frameworks */ = {
			isa = PBXFrameworksBuildPhase;
			buildActionMask = 2147483647;
			files = (
			);
			runOnlyForDeploymentPostprocessing = 0;
		};
		CF9588E11E6FF4C6005AFB9B /* Frameworks */ = {
			isa = PBXFrameworksBuildPhase;
			buildActionMask = 2147483647;
			files = (
				CF9588E51E6FF4C6005AFB9B /* DWBase.framework in Frameworks */,
			);
			runOnlyForDeploymentPostprocessing = 0;
		};
/* End PBXFrameworksBuildPhase section */

/* Begin PBXGroup section */
		CF9588981E6FF405005AFB9B = {
			isa = PBXGroup;
			children = (
				CF9589081E6FF5C8005AFB9B /* Framwork */,
				CF9588A31E6FF405005AFB9B /* DWBasePart */,
				CF9588DD1E6FF4C6005AFB9B /* DWBase */,
				CF9588BD1E6FF405005AFB9B /* DWBasePartTests */,
				CF9588C81E6FF405005AFB9B /* DWBasePartUITests */,
				CF9588EA1E6FF4C6005AFB9B /* DWBaseTests */,
				CF9588A21E6FF405005AFB9B /* Products */,
				CF9589091E6FF5DA005AFB9B /* Frameworks */,
			);
			sourceTree = "<group>";
		};
		CF9588A21E6FF405005AFB9B /* Products */ = {
			isa = PBXGroup;
			children = (
				CF9588A11E6FF405005AFB9B /* DWBasePart.app */,
				CF9588BA1E6FF405005AFB9B /* DWBasePartTests.xctest */,
				CF9588C51E6FF405005AFB9B /* DWBasePartUITests.xctest */,
				CF9588DC1E6FF4C5005AFB9B /* DWBase.framework */,
				CF9588E41E6FF4C6005AFB9B /* DWBaseTests.xctest */,
			);
			name = Products;
			sourceTree = "<group>";
		};
		CF9588A31E6FF405005AFB9B /* DWBasePart */ = {
			isa = PBXGroup;
			children = (
				CF9588A71E6FF405005AFB9B /* AppDelegate.h */,
				CF9588A81E6FF405005AFB9B /* AppDelegate.m */,
				CF9588AA1E6FF405005AFB9B /* ViewController.h */,
				CF9588AB1E6FF405005AFB9B /* ViewController.m */,
				CF9588AD1E6FF405005AFB9B /* Main.storyboard */,
				CF9588B01E6FF405005AFB9B /* Assets.xcassets */,
				CF9588B21E6FF405005AFB9B /* LaunchScreen.storyboard */,
				CF9588B51E6FF405005AFB9B /* Info.plist */,
				CF9588A41E6FF405005AFB9B /* Supporting Files */,
			);
			path = DWBasePart;
			sourceTree = "<group>";
		};
		CF9588A41E6FF405005AFB9B /* Supporting Files */ = {
			isa = PBXGroup;
			children = (
				CF9588A51E6FF405005AFB9B /* main.m */,
			);
			name = "Supporting Files";
			sourceTree = "<group>";
		};
		CF9588BD1E6FF405005AFB9B /* DWBasePartTests */ = {
			isa = PBXGroup;
			children = (
				CF9588BE1E6FF405005AFB9B /* DWBasePartTests.m */,
				CF9588C01E6FF405005AFB9B /* Info.plist */,
			);
			path = DWBasePartTests;
			sourceTree = "<group>";
		};
		CF9588C81E6FF405005AFB9B /* DWBasePartUITests */ = {
			isa = PBXGroup;
			children = (
				CF9588C91E6FF405005AFB9B /* DWBasePartUITests.m */,
				CF9588CB1E6FF405005AFB9B /* Info.plist */,
			);
			path = DWBasePartUITests;
			sourceTree = "<group>";
		};
		CF9588DD1E6FF4C6005AFB9B /* DWBase */ = {
			isa = PBXGroup;
			children = (
				CF9588DE1E6FF4C6005AFB9B /* DWBase.h */,
				CF0429F31EC2C47D00D36A2E /* DWView.h */,
				CF0429F41EC2C47D00D36A2E /* DWView.m */,
				CF9589B01E77B170005AFB9B /* DWViewController.h */,
				CF9589B11E77B170005AFB9B /* DWViewController.m */,
				CF0429EF1EC2BBA400D36A2E /* DWViewModel.h */,
				CF0429F01EC2BBA400D36A2E /* DWViewModel.m */,
				CF9588DF1E6FF4C6005AFB9B /* Info.plist */,
			);
			path = DWBase;
			sourceTree = "<group>";
		};
		CF9588EA1E6FF4C6005AFB9B /* DWBaseTests */ = {
			isa = PBXGroup;
			children = (
				CF9588EB1E6FF4C6005AFB9B /* DWBaseTests.m */,
				CF9588ED1E6FF4C6005AFB9B /* Info.plist */,
			);
			path = DWBaseTests;
			sourceTree = "<group>";
		};
		CF9589081E6FF5C8005AFB9B /* Framwork */ = {
			isa = PBXGroup;
			children = (
			);
			name = Framwork;
			sourceTree = "<group>";
		};
		CF9589091E6FF5DA005AFB9B /* Frameworks */ = {
			isa = PBXGroup;
			children = (
				CF95890A1E6FF5DA005AFB9B /* ReactiveObjC.framework */,
			);
			name = Frameworks;
			sourceTree = "<group>";
		};
/* End PBXGroup section */

/* Begin PBXHeadersBuildPhase section */
		CF9588D91E6FF4C5005AFB9B /* Headers */ = {
			isa = PBXHeadersBuildPhase;
			buildActionMask = 2147483647;
			files = (
				CF0429F51EC2C47D00D36A2E /* DWView.h in Headers */,
				CF0429F11EC2BBA400D36A2E /* DWViewModel.h in Headers */,
				CF9589B21E77B170005AFB9B /* DWViewController.h in Headers */,
				CF9588EE1E6FF4C6005AFB9B /* DWBase.h in Headers */,
			);
			runOnlyForDeploymentPostprocessing = 0;
		};
/* End PBXHeadersBuildPhase section */

/* Begin PBXNativeTarget section */
		CF9588A01E6FF405005AFB9B /* DWBasePart */ = {
			isa = PBXNativeTarget;
			buildConfigurationList = CF9588CE1E6FF405005AFB9B /* Build configuration list for PBXNativeTarget "DWBasePart" */;
			buildPhases = (
				CF95889D1E6FF405005AFB9B /* Sources */,
				CF95889E1E6FF405005AFB9B /* Frameworks */,
				CF95889F1E6FF405005AFB9B /* Resources */,
				CF9588F81E6FF4C6005AFB9B /* Embed Frameworks */,
			);
			buildRules = (
			);
			dependencies = (
				CF9588F01E6FF4C6005AFB9B /* PBXTargetDependency */,
			);
			name = DWBasePart;
			productName = DWBasePart;
			productReference = CF9588A11E6FF405005AFB9B /* DWBasePart.app */;
			productType = "com.apple.product-type.application";
		};
		CF9588B91E6FF405005AFB9B /* DWBasePartTests */ = {
			isa = PBXNativeTarget;
			buildConfigurationList = CF9588D11E6FF405005AFB9B /* Build configuration list for PBXNativeTarget "DWBasePartTests" */;
			buildPhases = (
				CF9588B61E6FF405005AFB9B /* Sources */,
				CF9588B71E6FF405005AFB9B /* Frameworks */,
				CF9588B81E6FF405005AFB9B /* Resources */,
			);
			buildRules = (
			);
			dependencies = (
				CF9588BC1E6FF405005AFB9B /* PBXTargetDependency */,
			);
			name = DWBasePartTests;
			productName = DWBasePartTests;
			productReference = CF9588BA1E6FF405005AFB9B /* DWBasePartTests.xctest */;
			productType = "com.apple.product-type.bundle.unit-test";
		};
		CF9588C41E6FF405005AFB9B /* DWBasePartUITests */ = {
			isa = PBXNativeTarget;
			buildConfigurationList = CF9588D41E6FF405005AFB9B /* Build configuration list for PBXNativeTarget "DWBasePartUITests" */;
			buildPhases = (
				CF9588C11E6FF405005AFB9B /* Sources */,
				CF9588C21E6FF405005AFB9B /* Frameworks */,
				CF9588C31E6FF405005AFB9B /* Resources */,
			);
			buildRules = (
			);
			dependencies = (
				CF9588C71E6FF405005AFB9B /* PBXTargetDependency */,
			);
			name = DWBasePartUITests;
			productName = DWBasePartUITests;
			productReference = CF9588C51E6FF405005AFB9B /* DWBasePartUITests.xctest */;
			productType = "com.apple.product-type.bundle.ui-testing";
		};
		CF9588DB1E6FF4C5005AFB9B /* DWBase */ = {
			isa = PBXNativeTarget;
			buildConfigurationList = CF9588F71E6FF4C6005AFB9B /* Build configuration list for PBXNativeTarget "DWBase" */;
			buildPhases = (
				CF9588D71E6FF4C5005AFB9B /* Sources */,
				CF9588D81E6FF4C5005AFB9B /* Frameworks */,
				CF9588D91E6FF4C5005AFB9B /* Headers */,
				CF9588DA1E6FF4C5005AFB9B /* Resources */,
				CF95890C1E6FF624005AFB9B /* ShellScript */,
			);
			buildRules = (
			);
			dependencies = (
			);
			name = DWBase;
			productName = DWBase;
			productReference = CF9588DC1E6FF4C5005AFB9B /* DWBase.framework */;
			productType = "com.apple.product-type.framework";
		};
		CF9588E31E6FF4C6005AFB9B /* DWBaseTests */ = {
			isa = PBXNativeTarget;
			buildConfigurationList = CF9588F91E6FF4C6005AFB9B /* Build configuration list for PBXNativeTarget "DWBaseTests" */;
			buildPhases = (
				CF9588E01E6FF4C6005AFB9B /* Sources */,
				CF9588E11E6FF4C6005AFB9B /* Frameworks */,
				CF9588E21E6FF4C6005AFB9B /* Resources */,
			);
			buildRules = (
			);
			dependencies = (
				CF9588E71E6FF4C6005AFB9B /* PBXTargetDependency */,
				CF9588E91E6FF4C6005AFB9B /* PBXTargetDependency */,
			);
			name = DWBaseTests;
			productName = DWBaseTests;
			productReference = CF9588E41E6FF4C6005AFB9B /* DWBaseTests.xctest */;
			productType = "com.apple.product-type.bundle.unit-test";
		};
/* End PBXNativeTarget section */

/* Begin PBXProject section */
		CF9588991E6FF405005AFB9B /* Project object */ = {
			isa = PBXProject;
			attributes = {
				LastUpgradeCheck = 0820;
				ORGANIZATIONNAME = "Dawn Wang";
				TargetAttributes = {
					CF9588A01E6FF405005AFB9B = {
						CreatedOnToolsVersion = 8.2.1;
						ProvisioningStyle = Automatic;
					};
					CF9588B91E6FF405005AFB9B = {
						CreatedOnToolsVersion = 8.2.1;
						ProvisioningStyle = Automatic;
						TestTargetID = CF9588A01E6FF405005AFB9B;
					};
					CF9588C41E6FF405005AFB9B = {
						CreatedOnToolsVersion = 8.2.1;
						ProvisioningStyle = Automatic;
						TestTargetID = CF9588A01E6FF405005AFB9B;
					};
					CF9588DB1E6FF4C5005AFB9B = {
						CreatedOnToolsVersion = 8.2.1;
						ProvisioningStyle = Automatic;
					};
					CF9588E31E6FF4C6005AFB9B = {
						CreatedOnToolsVersion = 8.2.1;
						ProvisioningStyle = Automatic;
						TestTargetID = CF9588A01E6FF405005AFB9B;
					};
				};
			};
			buildConfigurationList = CF95889C1E6FF405005AFB9B /* Build configuration list for PBXProject "DWBasePart" */;
			compatibilityVersion = "Xcode 3.2";
			developmentRegion = English;
			hasScannedForEncodings = 0;
			knownRegions = (
				en,
				Base,
			);
			mainGroup = CF9588981E6FF405005AFB9B;
			productRefGroup = CF9588A21E6FF405005AFB9B /* Products */;
			projectDirPath = "";
			projectRoot = "";
			targets = (
				CF9588A01E6FF405005AFB9B /* DWBasePart */,
				CF9588B91E6FF405005AFB9B /* DWBasePartTests */,
				CF9588C41E6FF405005AFB9B /* DWBasePartUITests */,
				CF9588DB1E6FF4C5005AFB9B /* DWBase */,
				CF9588E31E6FF4C6005AFB9B /* DWBaseTests */,
			);
		};
/* End PBXProject section */

/* Begin PBXResourcesBuildPhase section */
		CF95889F1E6FF405005AFB9B /* Resources */ = {
			isa = PBXResourcesBuildPhase;
			buildActionMask = 2147483647;
			files = (
				CF9588B41E6FF405005AFB9B /* LaunchScreen.storyboard in Resources */,
				CF9588B11E6FF405005AFB9B /* Assets.xcassets in Resources */,
				CF9588AF1E6FF405005AFB9B /* Main.storyboard in Resources */,
			);
			runOnlyForDeploymentPostprocessing = 0;
		};
		CF9588B81E6FF405005AFB9B /* Resources */ = {
			isa = PBXResourcesBuildPhase;
			buildActionMask = 2147483647;
			files = (
			);
			runOnlyForDeploymentPostprocessing = 0;
		};
		CF9588C31E6FF405005AFB9B /* Resources */ = {
			isa = PBXResourcesBuildPhase;
			buildActionMask = 2147483647;
			files = (
			);
			runOnlyForDeploymentPostprocessing = 0;
		};
		CF9588DA1E6FF4C5005AFB9B /* Resources */ = {
			isa = PBXResourcesBuildPhase;
			buildActionMask = 2147483647;
			files = (
			);
			runOnlyForDeploymentPostprocessing = 0;
		};
		CF9588E21E6FF4C6005AFB9B /* Resources */ = {
			isa = PBXResourcesBuildPhase;
			buildActionMask = 2147483647;
			files = (
			);
			runOnlyForDeploymentPostprocessing = 0;
		};
/* End PBXResourcesBuildPhase section */

/* Begin PBXShellScriptBuildPhase section */
		CF95890C1E6FF624005AFB9B /* ShellScript */ = {
			isa = PBXShellScriptBuildPhase;
			buildActionMask = 2147483647;
			files = (
			);
			inputPaths = (
			);
			outputPaths = (
			);
			runOnlyForDeploymentPostprocessing = 0;
			shellPath = /bin/sh;
			shellScript = "/usr/local/bin/carthage copy-frameworks";
		};
/* End PBXShellScriptBuildPhase section */

/* Begin PBXSourcesBuildPhase section */
		CF95889D1E6FF405005AFB9B /* Sources */ = {
			isa = PBXSourcesBuildPhase;
			buildActionMask = 2147483647;
			files = (
				CF9588AC1E6FF405005AFB9B /* ViewController.m in Sources */,
				CF9588A91E6FF405005AFB9B /* AppDelegate.m in Sources */,
				CF9588A61E6FF405005AFB9B /* main.m in Sources */,
			);
			runOnlyForDeploymentPostprocessing = 0;
		};
		CF9588B61E6FF405005AFB9B /* Sources */ = {
			isa = PBXSourcesBuildPhase;
			buildActionMask = 2147483647;
			files = (
				CF9588BF1E6FF405005AFB9B /* DWBasePartTests.m in Sources */,
			);
			runOnlyForDeploymentPostprocessing = 0;
		};
		CF9588C11E6FF405005AFB9B /* Sources */ = {
			isa = PBXSourcesBuildPhase;
			buildActionMask = 2147483647;
			files = (
				CF9588CA1E6FF405005AFB9B /* DWBasePartUITests.m in Sources */,
			);
			runOnlyForDeploymentPostprocessing = 0;
		};
		CF9588D71E6FF4C5005AFB9B /* Sources */ = {
			isa = PBXSourcesBuildPhase;
			buildActionMask = 2147483647;
			files = (
				CF9589B31E77B170005AFB9B /* DWViewController.m in Sources */,
				CF0429F21EC2BBA400D36A2E /* DWViewModel.m in Sources */,
				CF0429F61EC2C47D00D36A2E /* DWView.m in Sources */,
			);
			runOnlyForDeploymentPostprocessing = 0;
		};
		CF9588E01E6FF4C6005AFB9B /* Sources */ = {
			isa = PBXSourcesBuildPhase;
			buildActionMask = 2147483647;
			files = (
				CF9588EC1E6FF4C6005AFB9B /* DWBaseTests.m in Sources */,
			);
			runOnlyForDeploymentPostprocessing = 0;
		};
/* End PBXSourcesBuildPhase section */

/* Begin PBXTargetDependency section */
		CF9588BC1E6FF405005AFB9B /* PBXTargetDependency */ = {
			isa = PBXTargetDependency;
			target = CF9588A01E6FF405005AFB9B /* DWBasePart */;
			targetProxy = CF9588BB1E6FF405005AFB9B /* PBXContainerItemProxy */;
		};
		CF9588C71E6FF405005AFB9B /* PBXTargetDependency */ = {
			isa = PBXTargetDependency;
			target = CF9588A01E6FF405005AFB9B /* DWBasePart */;
			targetProxy = CF9588C61E6FF405005AFB9B /* PBXContainerItemProxy */;
		};
		CF9588E71E6FF4C6005AFB9B /* PBXTargetDependency */ = {
			isa = PBXTargetDependency;
			target = CF9588DB1E6FF4C5005AFB9B /* DWBase */;
			targetProxy = CF9588E61E6FF4C6005AFB9B /* PBXContainerItemProxy */;
		};
		CF9588E91E6FF4C6005AFB9B /* PBXTargetDependency */ = {
			isa = PBXTargetDependency;
			target = CF9588A01E6FF405005AFB9B /* DWBasePart */;
			targetProxy = CF9588E81E6FF4C6005AFB9B /* PBXContainerItemProxy */;
		};
		CF9588F01E6FF4C6005AFB9B /* PBXTargetDependency */ = {
			isa = PBXTargetDependency;
			target = CF9588DB1E6FF4C5005AFB9B /* DWBase */;
			targetProxy = CF9588EF1E6FF4C6005AFB9B /* PBXContainerItemProxy */;
		};
/* End PBXTargetDependency section */

/* Begin PBXVariantGroup section */
		CF9588AD1E6FF405005AFB9B /* Main.storyboard */ = {
			isa = PBXVariantGroup;
			children = (
				CF9588AE1E6FF405005AFB9B /* Base */,
			);
			name = Main.storyboard;
			sourceTree = "<group>";
		};
		CF9588B21E6FF405005AFB9B /* LaunchScreen.storyboard */ = {
			isa = PBXVariantGroup;
			children = (
				CF9588B31E6FF405005AFB9B /* Base */,
			);
			name = LaunchScreen.storyboard;
			sourceTree = "<group>";
		};
/* End PBXVariantGroup section */

/* Begin XCBuildConfiguration section */
		CF9588CC1E6FF405005AFB9B /* Debug */ = {
			isa = XCBuildConfiguration;
			buildSettings = {
				ALWAYS_SEARCH_USER_PATHS = NO;
				CLANG_ANALYZER_NONNULL = YES;
				CLANG_CXX_LANGUAGE_STANDARD = "gnu++0x";
				CLANG_CXX_LIBRARY = "libc++";
				CLANG_ENABLE_MODULES = YES;
				CLANG_ENABLE_OBJC_ARC = YES;
				CLANG_WARN_BOOL_CONVERSION = YES;
				CLANG_WARN_CONSTANT_CONVERSION = YES;
				CLANG_WARN_DIRECT_OBJC_ISA_USAGE = YES_ERROR;
				CLANG_WARN_DOCUMENTATION_COMMENTS = YES;
				CLANG_WARN_EMPTY_BODY = YES;
				CLANG_WARN_ENUM_CONVERSION = YES;
				CLANG_WARN_INFINITE_RECURSION = YES;
				CLANG_WARN_INT_CONVERSION = YES;
				CLANG_WARN_OBJC_ROOT_CLASS = YES_ERROR;
				CLANG_WARN_SUSPICIOUS_MOVE = YES;
				CLANG_WARN_UNREACHABLE_CODE = YES;
				CLANG_WARN__DUPLICATE_METHOD_MATCH = YES;
				"CODE_SIGN_IDENTITY[sdk=iphoneos*]" = "iPhone Developer";
				COPY_PHASE_STRIP = NO;
				DEBUG_INFORMATION_FORMAT = dwarf;
				ENABLE_STRICT_OBJC_MSGSEND = YES;
				ENABLE_TESTABILITY = YES;
				GCC_C_LANGUAGE_STANDARD = gnu99;
				GCC_DYNAMIC_NO_PIC = NO;
				GCC_NO_COMMON_BLOCKS = YES;
				GCC_OPTIMIZATION_LEVEL = 0;
				GCC_PREPROCESSOR_DEFINITIONS = (
					"DEBUG=1",
					"$(inherited)",
				);
				GCC_WARN_64_TO_32_BIT_CONVERSION = YES;
				GCC_WARN_ABOUT_RETURN_TYPE = YES_ERROR;
				GCC_WARN_UNDECLARED_SELECTOR = YES;
				GCC_WARN_UNINITIALIZED_AUTOS = YES_AGGRESSIVE;
				GCC_WARN_UNUSED_FUNCTION = YES;
				GCC_WARN_UNUSED_VARIABLE = YES;
				IPHONEOS_DEPLOYMENT_TARGET = 10.2;
				MTL_ENABLE_DEBUG_INFO = YES;
				ONLY_ACTIVE_ARCH = YES;
				SDKROOT = iphoneos;
			};
			name = Debug;
		};
		CF9588CD1E6FF405005AFB9B /* Release */ = {
			isa = XCBuildConfiguration;
			buildSettings = {
				ALWAYS_SEARCH_USER_PATHS = NO;
				CLANG_ANALYZER_NONNULL = YES;
				CLANG_CXX_LANGUAGE_STANDARD = "gnu++0x";
				CLANG_CXX_LIBRARY = "libc++";
				CLANG_ENABLE_MODULES = YES;
				CLANG_ENABLE_OBJC_ARC = YES;
				CLANG_WARN_BOOL_CONVERSION = YES;
				CLANG_WARN_CONSTANT_CONVERSION = YES;
				CLANG_WARN_DIRECT_OBJC_ISA_USAGE = YES_ERROR;
				CLANG_WARN_DOCUMENTATION_COMMENTS = YES;
				CLANG_WARN_EMPTY_BODY = YES;
				CLANG_WARN_ENUM_CONVERSION = YES;
				CLANG_WARN_INFINITE_RECURSION = YES;
				CLANG_WARN_INT_CONVERSION = YES;
				CLANG_WARN_OBJC_ROOT_CLASS = YES_ERROR;
				CLANG_WARN_SUSPICIOUS_MOVE = YES;
				CLANG_WARN_UNREACHABLE_CODE = YES;
				CLANG_WARN__DUPLICATE_METHOD_MATCH = YES;
				"CODE_SIGN_IDENTITY[sdk=iphoneos*]" = "iPhone Developer";
				COPY_PHASE_STRIP = NO;
				DEBUG_INFORMATION_FORMAT = "dwarf-with-dsym";
				ENABLE_NS_ASSERTIONS = NO;
				ENABLE_STRICT_OBJC_MSGSEND = YES;
				GCC_C_LANGUAGE_STANDARD = gnu99;
				GCC_NO_COMMON_BLOCKS = YES;
				GCC_WARN_64_TO_32_BIT_CONVERSION = YES;
				GCC_WARN_ABOUT_RETURN_TYPE = YES_ERROR;
				GCC_WARN_UNDECLARED_SELECTOR = YES;
				GCC_WARN_UNINITIALIZED_AUTOS = YES_AGGRESSIVE;
				GCC_WARN_UNUSED_FUNCTION = YES;
				GCC_WARN_UNUSED_VARIABLE = YES;
				IPHONEOS_DEPLOYMENT_TARGET = 10.2;
				MTL_ENABLE_DEBUG_INFO = NO;
				SDKROOT = iphoneos;
				VALIDATE_PRODUCT = YES;
			};
			name = Release;
		};
		CF9588CF1E6FF405005AFB9B /* Debug */ = {
			isa = XCBuildConfiguration;
			buildSettings = {
				ASSETCATALOG_COMPILER_APPICON_NAME = AppIcon;
				INFOPLIST_FILE = DWBasePart/Info.plist;
				LD_RUNPATH_SEARCH_PATHS = "$(inherited) @executable_path/Frameworks";
				PRODUCT_BUNDLE_IDENTIFIER = dawn.DWBasePart;
				PRODUCT_NAME = "$(TARGET_NAME)";
			};
			name = Debug;
		};
		CF9588D01E6FF405005AFB9B /* Release */ = {
			isa = XCBuildConfiguration;
			buildSettings = {
				ASSETCATALOG_COMPILER_APPICON_NAME = AppIcon;
				INFOPLIST_FILE = DWBasePart/Info.plist;
				LD_RUNPATH_SEARCH_PATHS = "$(inherited) @executable_path/Frameworks";
				PRODUCT_BUNDLE_IDENTIFIER = dawn.DWBasePart;
				PRODUCT_NAME = "$(TARGET_NAME)";
			};
			name = Release;
		};
		CF9588D21E6FF405005AFB9B /* Debug */ = {
			isa = XCBuildConfiguration;
			buildSettings = {
				BUNDLE_LOADER = "$(TEST_HOST)";
				INFOPLIST_FILE = DWBasePartTests/Info.plist;
				LD_RUNPATH_SEARCH_PATHS = "$(inherited) @executable_path/Frameworks @loader_path/Frameworks";
				PRODUCT_BUNDLE_IDENTIFIER = dawn.DWBasePartTests;
				PRODUCT_NAME = "$(TARGET_NAME)";
				TEST_HOST = "$(BUILT_PRODUCTS_DIR)/DWBasePart.app/DWBasePart";
			};
			name = Debug;
		};
		CF9588D31E6FF405005AFB9B /* Release */ = {
			isa = XCBuildConfiguration;
			buildSettings = {
				BUNDLE_LOADER = "$(TEST_HOST)";
				INFOPLIST_FILE = DWBasePartTests/Info.plist;
				LD_RUNPATH_SEARCH_PATHS = "$(inherited) @executable_path/Frameworks @loader_path/Frameworks";
				PRODUCT_BUNDLE_IDENTIFIER = dawn.DWBasePartTests;
				PRODUCT_NAME = "$(TARGET_NAME)";
				TEST_HOST = "$(BUILT_PRODUCTS_DIR)/DWBasePart.app/DWBasePart";
			};
			name = Release;
		};
		CF9588D51E6FF405005AFB9B /* Debug */ = {
			isa = XCBuildConfiguration;
			buildSettings = {
				INFOPLIST_FILE = DWBasePartUITests/Info.plist;
				LD_RUNPATH_SEARCH_PATHS = "$(inherited) @executable_path/Frameworks @loader_path/Frameworks";
				PRODUCT_BUNDLE_IDENTIFIER = dawn.DWBasePartUITests;
				PRODUCT_NAME = "$(TARGET_NAME)";
				TEST_TARGET_NAME = DWBasePart;
			};
			name = Debug;
		};
		CF9588D61E6FF405005AFB9B /* Release */ = {
			isa = XCBuildConfiguration;
			buildSettings = {
				INFOPLIST_FILE = DWBasePartUITests/Info.plist;
				LD_RUNPATH_SEARCH_PATHS = "$(inherited) @executable_path/Frameworks @loader_path/Frameworks";
				PRODUCT_BUNDLE_IDENTIFIER = dawn.DWBasePartUITests;
				PRODUCT_NAME = "$(TARGET_NAME)";
				TEST_TARGET_NAME = DWBasePart;
			};
			name = Release;
		};
		CF9588F31E6FF4C6005AFB9B /* Debug */ = {
			isa = XCBuildConfiguration;
			buildSettings = {
				CODE_SIGN_IDENTITY = "";
				CURRENT_PROJECT_VERSION = 1;
				DEFINES_MODULE = YES;
				DYLIB_COMPATIBILITY_VERSION = 1;
				DYLIB_CURRENT_VERSION = 1;
				DYLIB_INSTALL_NAME_BASE = "@rpath";
				FRAMEWORK_SEARCH_PATHS = (
					"$(inherited)",
					"$(PROJECT_DIR)/Carthage/Build/iOS",
				);
				INFOPLIST_FILE = DWBase/Info.plist;
				INSTALL_PATH = "$(LOCAL_LIBRARY_DIR)/Frameworks";
				LD_RUNPATH_SEARCH_PATHS = "$(inherited) @executable_path/Frameworks @loader_path/Frameworks";
				PRODUCT_BUNDLE_IDENTIFIER = dawn.DWBase;
				PRODUCT_NAME = "$(TARGET_NAME)";
				SKIP_INSTALL = YES;
				TARGETED_DEVICE_FAMILY = "1,2";
				VERSIONING_SYSTEM = "apple-generic";
				VERSION_INFO_PREFIX = "";
			};
			name = Debug;
		};
		CF9588F41E6FF4C6005AFB9B /* Release */ = {
			isa = XCBuildConfiguration;
			buildSettings = {
				CODE_SIGN_IDENTITY = "";
				CURRENT_PROJECT_VERSION = 1;
				DEFINES_MODULE = YES;
				DYLIB_COMPATIBILITY_VERSION = 1;
				DYLIB_CURRENT_VERSION = 1;
				DYLIB_INSTALL_NAME_BASE = "@rpath";
				FRAMEWORK_SEARCH_PATHS = (
					"$(inherited)",
					"$(PROJECT_DIR)/Carthage/Build/iOS",
				);
				INFOPLIST_FILE = DWBase/Info.plist;
				INSTALL_PATH = "$(LOCAL_LIBRARY_DIR)/Frameworks";
				LD_RUNPATH_SEARCH_PATHS = "$(inherited) @executable_path/Frameworks @loader_path/Frameworks";
				PRODUCT_BUNDLE_IDENTIFIER = dawn.DWBase;
				PRODUCT_NAME = "$(TARGET_NAME)";
				SKIP_INSTALL = YES;
				TARGETED_DEVICE_FAMILY = "1,2";
				VERSIONING_SYSTEM = "apple-generic";
				VERSION_INFO_PREFIX = "";
			};
			name = Release;
		};
		CF9588F51E6FF4C6005AFB9B /* Debug */ = {
			isa = XCBuildConfiguration;
			buildSettings = {
				INFOPLIST_FILE = DWBaseTests/Info.plist;
				LD_RUNPATH_SEARCH_PATHS = "$(inherited) @executable_path/Frameworks @loader_path/Frameworks";
				PRODUCT_BUNDLE_IDENTIFIER = dawn.DWBaseTests;
				PRODUCT_NAME = "$(TARGET_NAME)";
				TEST_HOST = "$(BUILT_PRODUCTS_DIR)/DWBasePart.app/DWBasePart";
			};
			name = Debug;
		};
		CF9588F61E6FF4C6005AFB9B /* Release */ = {
			isa = XCBuildConfiguration;
			buildSettings = {
				INFOPLIST_FILE = DWBaseTests/Info.plist;
				LD_RUNPATH_SEARCH_PATHS = "$(inherited) @executable_path/Frameworks @loader_path/Frameworks";
				PRODUCT_BUNDLE_IDENTIFIER = dawn.DWBaseTests;
				PRODUCT_NAME = "$(TARGET_NAME)";
				TEST_HOST = "$(BUILT_PRODUCTS_DIR)/DWBasePart.app/DWBasePart";
			};
			name = Release;
		};
/* End XCBuildConfiguration section */

/* Begin XCConfigurationList section */
		CF95889C1E6FF405005AFB9B /* Build configuration list for PBXProject "DWBasePart" */ = {
			isa = XCConfigurationList;
			buildConfigurations = (
				CF9588CC1E6FF405005AFB9B /* Debug */,
				CF9588CD1E6FF405005AFB9B /* Release */,
			);
			defaultConfigurationIsVisible = 0;
			defaultConfigurationName = Release;
		};
		CF9588CE1E6FF405005AFB9B /* Build configuration list for PBXNativeTarget "DWBasePart" */ = {
			isa = XCConfigurationList;
			buildConfigurations = (
				CF9588CF1E6FF405005AFB9B /* Debug */,
				CF9588D01E6FF405005AFB9B /* Release */,
			);
			defaultConfigurationIsVisible = 0;
			defaultConfigurationName = Release;
		};
		CF9588D11E6FF405005AFB9B /* Build configuration list for PBXNativeTarget "DWBasePartTests" */ = {
			isa = XCConfigurationList;
			buildConfigurations = (
				CF9588D21E6FF405005AFB9B /* Debug */,
				CF9588D31E6FF405005AFB9B /* Release */,
			);
			defaultConfigurationIsVisible = 0;
			defaultConfigurationName = Release;
		};
		CF9588D41E6FF405005AFB9B /* Build configuration list for PBXNativeTarget "DWBasePartUITests" */ = {
			isa = XCConfigurationList;
			buildConfigurations = (
				CF9588D51E6FF405005AFB9B /* Debug */,
				CF9588D61E6FF405005AFB9B /* Release */,
			);
			defaultConfigurationIsVisible = 0;
			defaultConfigurationName = Release;
		};
		CF9588F71E6FF4C6005AFB9B /* Build configuration list for PBXNativeTarget "DWBase" */ = {
			isa = XCConfigurationList;
			buildConfigurations = (
				CF9588F31E6FF4C6005AFB9B /* Debug */,
				CF9588F41E6FF4C6005AFB9B /* Release */,
			);
			defaultConfigurationIsVisible = 0;
			defaultConfigurationName = Release;
		};
		CF9588F91E6FF4C6005AFB9B /* Build configuration list for PBXNativeTarget "DWBaseTests" */ = {
			isa = XCConfigurationList;
			buildConfigurations = (
				CF9588F51E6FF4C6005AFB9B /* Debug */,
				CF9588F61E6FF4C6005AFB9B /* Release */,
			);
			defaultConfigurationIsVisible = 0;
			defaultConfigurationName = Release;
		};
/* End XCConfigurationList section */
	};
	rootObject = CF9588991E6FF405005AFB9B /* Project object */;
}
